
Microsoft Visual Studio Solution File, Format Version 12.00
# Visual Studio Version 17
VisualStudioVersion = 17.10.35027.167
MinimumVisualStudioVersion = 10.0.40219.1
Project("{9A19103F-16F7-4668-BE54-9A1E7A4F7556}") = "QuartzHW", "QuartzHW\QuartzHW.csproj", "{7B4488E1-9C62-4792-9252-D0119F07A6DC}"
EndProject
Project("{FAE04EC0-301F-11D3-BF4B-00C04F79EFBC}") = "HangfireHW", "HangfireHW\HangfireHW.csproj", "{0F9074A4-1D71-459B-8322-31D370F71B6B}"
EndProject
Global
	GlobalSection(SolutionConfigurationPlatforms) = preSolution
		Debug|Any CPU = Debug|Any CPU
		Release|Any CPU = Release|Any CPU
	EndGlobalSection
	GlobalSection(ProjectConfigurationPlatforms) = postSolution
		{7B4488E1-9C62-4792-9252-D0119F07A6DC}.Debug|Any CPU.ActiveCfg = Debug|Any CPU
		{7B4488E1-9C62-4792-9252-D0119F07A6DC}.Debug|Any CPU.Build.0 = Debug|Any CPU
		{7B4488E1-9C62-4792-9252-D0119F07A6DC}.Release|Any CPU.ActiveCfg = Release|Any CPU
		{7B4488E1-9C62-4792-9252-D0119F07A6DC}.Release|Any CPU.Build.0 = Release|Any CPU
		{0F9074A4-1D71-459B-8322-31D370F71B6B}.Debug|Any CPU.ActiveCfg = Debug|Any CPU
		{0F9074A4-1D71-459B-8322-31D370F71B6B}.Debug|Any CPU.Build.0 = Debug|Any CPU
		{0F9074A4-1D71-459B-8322-31D370F71B6B}.Release|Any CPU.ActiveCfg = Release|Any CPU
		{0F9074A4-1D71-459B-8322-31D370F71B6B}.Release|Any CPU.Build.0 = Release|Any CPU
	EndGlobalSection
	GlobalSection(SolutionProperties) = preSolution
		HideSolutionNode = FALSE
	EndGlobalSection
	GlobalSection(ExtensibilityGlobals) = postSolution
		SolutionGuid = {EFBF0094-6328-4121-95A6-10A1BB047344}
	EndGlobalSection
EndGlobal
